
Microsoft Visual Studio Solution File, Format Version 12.00
# Visual Studio Version 17
VisualStudioVersion = 17.14.36221.1 d17.14
MinimumVisualStudioVersion = 10.0.40219.1
Project("{FAE04EC0-301F-11D3-BF4B-00C04F79EFBC}") = "API_Cheraitia_V2", "API_Cheraitia_V2\API_Cheraitia_V2.csproj", "{77F8DFD6-0009-475D-B2D8-C3E35CD6EA2B}"
EndProject
Global
	GlobalSection(SolutionConfigurationPlatforms) = preSolution
		Debug|Any CPU = Debug|Any CPU
		Release|Any CPU = Release|Any CPU
	EndGlobalSection
	GlobalSection(ProjectConfigurationPlatforms) = postSolution
		{77F8DFD6-0009-475D-B2D8-C3E35CD6EA2B}.Debug|Any CPU.ActiveCfg = Debug|Any CPU
		{77F8DFD6-0009-475D-B2D8-C3E35CD6EA2B}.Debug|Any CPU.Build.0 = Debug|Any CPU
		{77F8DFD6-0009-475D-B2D8-C3E35CD6EA2B}.Release|Any CPU.ActiveCfg = Release|Any CPU
		{77F8DFD6-0009-475D-B2D8-C3E35CD6EA2B}.Release|Any CPU.Build.0 = Release|Any CPU
	EndGlobalSection
	GlobalSection(SolutionProperties) = preSolution
		HideSolutionNode = FALSE
	EndGlobalSection
	GlobalSection(ExtensibilityGlobals) = postSolution
		SolutionGuid = {8F257BC1-60C5-4EEA-915A-CD8EEE9FC168}
	EndGlobalSection
EndGlobal
